github.com/katydid/parser-go v0.8.7 h1:mopBpRzJctDA6lkN8VZDdLgXwKcJVPQI2MASAwBr7XA=
github.com/katydid/parser-go v0.8.7/go.mod h1:e6PzxUlxRtkeyCMHQW7l+xG6/r/3edg14k2KK4l2WL4=
github.com/katydid/parser-go-json v0.5.6 h1:ToD247CN9tzPTC5qwsVdk0l64PoU6tWKm5ued9vnTWY=
github.com/katydid/parser-go-json v0.5.6/go.mod h1:mOmOFzPcDmD9rzyJnX8QGCfcXFQ/iRDEG6r4iMIfzOM=
